
Microsoft Visual Studio Solution File, Format Version 12.00
# Visual Studio Version 17
VisualStudioVersion = 17.11.35219.272
MinimumVisualStudioVersion = 10.0.40219.1
Project("{FAE04EC0-301F-11D3-BF4B-00C04F79EFBC}") = "Kebab house", "Kebab house.csproj", "{C6BA9CDC-AA90-4E19-867C-E0BEFF7DF12E}"
EndProject
Global
	GlobalSection(SolutionConfigurationPlatforms) = preSolution
		Debug|Any CPU = Debug|Any CPU
		Release|Any CPU = Release|Any CPU
	EndGlobalSection
	GlobalSection(ProjectConfigurationPlatforms) = postSolution
		{C6BA9CDC-AA90-4E19-867C-E0BEFF7DF12E}.Debug|Any CPU.ActiveCfg = Debug|Any CPU
		{C6BA9CDC-AA90-4E19-867C-E0BEFF7DF12E}.Debug|Any CPU.Build.0 = Debug|Any CPU
		{C6BA9CDC-AA90-4E19-867C-E0BEFF7DF12E}.Release|Any CPU.ActiveCfg = Release|Any CPU
		{C6BA9CDC-AA90-4E19-867C-E0BEFF7DF12E}.Release|Any CPU.Build.0 = Release|Any CPU
	EndGlobalSection
	GlobalSection(SolutionProperties) = preSolution
		HideSolutionNode = FALSE
	EndGlobalSection
	GlobalSection(ExtensibilityGlobals) = postSolution
		SolutionGuid = {EF0D40FD-A7CD-4F1F-BE4C-755B6FB088CA}
	EndGlobalSection
EndGlobal
